
Microsoft Visual Studio Solution File, Format Version 12.00
# Visual Studio Version 16
VisualStudioVersion = 16.0.29613.14
MinimumVisualStudioVersion = 10.0.40219.1
Project("{FAE04EC0-301F-11D3-BF4B-00C04F79EFBC}") = "Practical2", "Practical1\Practical2.csproj", "{070DD9E8-5451-46E7-9625-794C86B988B2}"
EndProject
Project("{FAE04EC0-301F-11D3-BF4B-00C04F79EFBC}") = "Practical4", "Practical4\Practical4.csproj", "{D0D7D7CB-E1BF-47E1-9D2D-570D0898B87D}"
EndProject
Project("{FAE04EC0-301F-11D3-BF4B-00C04F79EFBC}") = "Practical5", "Practical5\Practical5.csproj", "{938BAC2D-DBE2-4E8E-98A9-B60968629497}"
EndProject
Project("{FAE04EC0-301F-11D3-BF4B-00C04F79EFBC}") = "Practical6", "Practical6\Practical6.csproj", "{701D56A6-8B02-4695-8F6D-8D80E05BA8D6}"
EndProject
Project("{FAE04EC0-301F-11D3-BF4B-00C04F79EFBC}") = "Practical7", "Practical7\Practical7.csproj", "{75693998-F8FE-4FBC-8BED-BB6CE526DC83}"
EndProject
Project("{FAE04EC0-301F-11D3-BF4B-00C04F79EFBC}") = "Practical8", "Practical\Practical8.csproj", "{C76E1E44-879E-4D18-B2CC-EF6DE32A1B97}"
EndProject
Project("{FAE04EC0-301F-11D3-BF4B-00C04F79EFBC}") = "Practical3", "Practical3\Practical3.csproj", "{6D0CDED1-B11D-4D20-A0F7-C4EB447AEB44}"
EndProject
Global
	GlobalSection(SolutionConfigurationPlatforms) = preSolution
		Debug|Any CPU = Debug|Any CPU
		Release|Any CPU = Release|Any CPU
	EndGlobalSection
	GlobalSection(ProjectConfigurationPlatforms) = postSolution
		{070DD9E8-5451-46E7-9625-794C86B988B2}.Debug|Any CPU.ActiveCfg = Debug|Any CPU
		{070DD9E8-5451-46E7-9625-794C86B988B2}.Debug|Any CPU.Build.0 = Debug|Any CPU
		{070DD9E8-5451-46E7-9625-794C86B988B2}.Release|Any CPU.ActiveCfg = Release|Any CPU
		{070DD9E8-5451-46E7-9625-794C86B988B2}.Release|Any CPU.Build.0 = Release|Any CPU
		{D0D7D7CB-E1BF-47E1-9D2D-570D0898B87D}.Debug|Any CPU.ActiveCfg = Debug|Any CPU
		{D0D7D7CB-E1BF-47E1-9D2D-570D0898B87D}.Debug|Any CPU.Build.0 = Debug|Any CPU
		{D0D7D7CB-E1BF-47E1-9D2D-570D0898B87D}.Release|Any CPU.ActiveCfg = Release|Any CPU
		{D0D7D7CB-E1BF-47E1-9D2D-570D0898B87D}.Release|Any CPU.Build.0 = Release|Any CPU
		{938BAC2D-DBE2-4E8E-98A9-B60968629497}.Debug|Any CPU.ActiveCfg = Debug|Any CPU
		{938BAC2D-DBE2-4E8E-98A9-B60968629497}.Debug|Any CPU.Build.0 = Debug|Any CPU
		{938BAC2D-DBE2-4E8E-98A9-B60968629497}.Release|Any CPU.ActiveCfg = Release|Any CPU
		{938BAC2D-DBE2-4E8E-98A9-B60968629497}.Release|Any CPU.Build.0 = Release|Any CPU
		{701D56A6-8B02-4695-8F6D-8D80E05BA8D6}.Debug|Any CPU.ActiveCfg = Debug|Any CPU
		{701D56A6-8B02-4695-8F6D-8D80E05BA8D6}.Debug|Any CPU.Build.0 = Debug|Any CPU
		{701D56A6-8B02-4695-8F6D-8D80E05BA8D6}.Release|Any CPU.ActiveCfg = Release|Any CPU
		{701D56A6-8B02-4695-8F6D-8D80E05BA8D6}.Release|Any CPU.Build.0 = Release|Any CPU
		{75693998-F8FE-4FBC-8BED-BB6CE526DC83}.Debug|Any CPU.ActiveCfg = Debug|Any CPU
		{75693998-F8FE-4FBC-8BED-BB6CE526DC83}.Debug|Any CPU.Build.0 = Debug|Any CPU
		{75693998-F8FE-4FBC-8BED-BB6CE526DC83}.Release|Any CPU.ActiveCfg = Release|Any CPU
		{75693998-F8FE-4FBC-8BED-BB6CE526DC83}.Release|Any CPU.Build.0 = Release|Any CPU
		{C76E1E44-879E-4D18-B2CC-EF6DE32A1B97}.Debug|Any CPU.ActiveCfg = Debug|Any CPU
		{C76E1E44-879E-4D18-B2CC-EF6DE32A1B97}.Debug|Any CPU.Build.0 = Debug|Any CPU
		{C76E1E44-879E-4D18-B2CC-EF6DE32A1B97}.Release|Any CPU.ActiveCfg = Release|Any CPU
		{C76E1E44-879E-4D18-B2CC-EF6DE32A1B97}.Release|Any CPU.Build.0 = Release|Any CPU
		{6D0CDED1-B11D-4D20-A0F7-C4EB447AEB44}.Debug|Any CPU.ActiveCfg = Debug|Any CPU
		{6D0CDED1-B11D-4D20-A0F7-C4EB447AEB44}.Debug|Any CPU.Build.0 = Debug|Any CPU
		{6D0CDED1-B11D-4D20-A0F7-C4EB447AEB44}.Release|Any CPU.ActiveCfg = Release|Any CPU
		{6D0CDED1-B11D-4D20-A0F7-C4EB447AEB44}.Release|Any CPU.Build.0 = Release|Any CPU
	EndGlobalSection
	GlobalSection(SolutionProperties) = preSolution
		HideSolutionNode = FALSE
	EndGlobalSection
	GlobalSection(ExtensibilityGlobals) = postSolution
		SolutionGuid = {43E968CD-7861-46CE-AF3F-254990D7C705}
	EndGlobalSection
EndGlobal
